%{
  "artificery": {:hex, :artificery, "0.4.3", "0bc4260f988dcb9dda4b23f9fc3c6c8b99a6220a331534fdf5bf2fd0d4333b02", [:mix], [], "hexpm", "12e95333a30e20884e937abdbefa3e7f5e05609c2ba8cf37b33f000b9ffc0504"},
  "ayesql": {:hex, :ayesql, "1.1.3", "d95137e5a21917ec4eee031f5c41d2a1b52f9e167c80a85aa409ea50d251c927", [:mix], [{:duckdbex, "~> 0.3", [hex: :duckdbex, repo: "hexpm", optional: true]}, {:ecto, "~> 3.11", [hex: :ecto, repo: "hexpm", optional: true]}, {:ecto_sql, "~> 3.11", [hex: :ecto_sql, repo: "hexpm", optional: true]}, {:postgrex, ">= 0.0.0", [hex: :postgrex, repo: "hexpm", optional: true]}], "hexpm", "c88d4dcd02234c90e4f8ce5c4e1fe601390c1f722a403d7bbccba663854bf587"},
  "castore": {:hex, :castore, "1.0.5", "9eeebb394cc9a0f3ae56b813459f990abb0a3dedee1be6b27fdb50301930502f", [:mix], [], "hexpm", "8d7c597c3e4a64c395980882d4bca3cebb8d74197c590dc272cfd3b6a6310578"},
  "cc_precompiler": {:hex, :cc_precompiler, "0.1.9", "e8d3364f310da6ce6463c3dd20cf90ae7bbecbf6c5203b98bf9b48035592649b", [:mix], [{:elixir_make, "~> 0.7", [hex: :elixir_make, repo: "hexpm", optional: false]}], "hexpm", "9dcab3d0f3038621f1601f13539e7a9ee99843862e66ad62827b0c42b2f58a54"},
  "conform": {:hex, :conform, "0.11.0", "fe5a68ab8533b53b4a463aa2ee71c622bea19b86e0183b8d34c23c6b8ed17dc7", [:mix], [], "hexpm", "2547e29fec74952572a0f2456f38e11dc8247a00d4b197eca2e61a8fd767f3eb"},
  "connection": {:hex, :connection, "1.1.0", "ff2a49c4b75b6fb3e674bfc5536451607270aac754ffd1bdfe175abe4a6d7a68", [:mix], [], "hexpm", "722c1eb0a418fbe91ba7bd59a47e28008a189d47e37e0e7bb85585a016b2869c"},
  "db_connection": {:hex, :db_connection, "2.4.0", "d04b1b73795dae60cead94189f1b8a51cc9e1f911c234cc23074017c43c031e5", [:mix], [{:connection, "~> 1.0", [hex: :connection, repo: "hexpm", optional: false]}, {:telemetry, "~> 0.4 or ~> 1.0", [hex: :telemetry, repo: "hexpm", optional: false]}], "hexpm", "ad416c21ad9f61b3103d254a71b63696ecadb6a917b36f563921e0de00d7d7c8"},
  "decimal": {:hex, :decimal, "2.0.0", "a78296e617b0f5dd4c6caf57c714431347912ffb1d0842e998e9792b5642d697", [:mix], [], "hexpm", "34666e9c55dea81013e77d9d87370fe6cb6291d1ef32f46a1600230b1d44f577"},
  "distillery": {:git, "https://github.com/bors-ng/distillery.git", "8ba8cb437e10e873152f1c44f13c5181752ba142", []},
  "earmark_parser": {:hex, :earmark_parser, "1.4.12", "b245e875ec0a311a342320da0551da407d9d2b65d98f7a9597ae078615af3449", [:mix], [], "hexpm", "711e2cc4d64abb7d566d43f54b78f7dc129308a63bc103fbd88550d2174b3160"},
  "elixir_make": {:hex, :elixir_make, "0.7.7", "7128c60c2476019ed978210c245badf08b03dbec4f24d05790ef791da11aa17c", [:mix], [{:castore, "~> 0.1 or ~> 1.0", [hex: :castore, repo: "hexpm", optional: true]}], "hexpm", "5bc19fff950fad52bbe5f211b12db9ec82c6b34a9647da0c2224b8b8464c7e6c"},
  "ex_doc": {:hex, :ex_doc, "0.23.0", "a069bc9b0bf8efe323ecde8c0d62afc13d308b1fa3d228b65bca5cf8703a529d", [:mix], [{:earmark_parser, "~> 1.4.0", [hex: :earmark_parser, repo: "hexpm", optional: false]}, {:makeup_elixir, "~> 0.14", [hex: :makeup_elixir, repo: "hexpm", optional: false]}], "hexpm", "f5e2c4702468b2fd11b10d39416ddadd2fcdd173ba2a0285ebd92c39827a5a16"},
  "ex_unicode": {:hex, :ex_unicode, "1.11.0", "fb7dc40fe909e7e79163dbb3736e4d0e29e8ed5f0ff9d82ab1e95d1f287f7235", [:mix], [{:ex_doc, "~> 0.19", [hex: :ex_doc, repo: "hexpm", optional: false]}], "hexpm", "c2c8dd491a5aa18f9d30e5e765649f54d7c8f224496105f4a67ec73c80e1663c"},
  "exrm": {:hex, :exrm, "0.14.17", "b804614cfc8ded1730ff0d51f059ea2cf7d826eb05fe24d6de87c9e0673decb6", [:mix], [{:conform, "~> 0.11.0", [hex: :conform, repo: "hexpm", optional: false]}], "hexpm", "c5b0c2bd4bad44d2f67f5ec720e5a4cff829dfac234aa79056970f83236bb976"},
  "hashids": {:hex, :hashids, "2.0.4", "ea47a2c2018b7ffb4f5ac9b0f8ea0af6d6159b9e190c5ed09f0ea83276968e0f", [:mix], [], "hexpm", "812e2c7ae763609a47acdd4c64d58c72f63bcfd741e6c605127e43af1507e019"},
  "image": {:hex, :image, "0.39.0", "c003ce095ee32c40f194ca1a48ffa6d3e67192e567183e70dfd8b77bb7144119", [:mix], [{:bumblebee, "~> 0.3", [hex: :bumblebee, repo: "hexpm", optional: true]}, {:evision, "~> 0.1.33", [hex: :evision, repo: "hexpm", optional: true]}, {:exla, "~> 0.5", [hex: :exla, repo: "hexpm", optional: true]}, {:jason, "~> 1.4", [hex: :jason, repo: "hexpm", optional: true]}, {:kino, "~> 0.7", [hex: :kino, repo: "hexpm", optional: true]}, {:nx, "~> 0.5", [hex: :nx, repo: "hexpm", optional: true]}, {:phoenix_html, "~> 3.2 or ~> 2.14", [hex: :phoenix_html, repo: "hexpm", optional: false]}, {:plug, "~> 1.13", [hex: :plug, repo: "hexpm", optional: true]}, {:rustler, "> 0.0.0", [hex: :rustler, repo: "hexpm", optional: true]}, {:sweet_xml, "~> 0.7", [hex: :sweet_xml, repo: "hexpm", optional: false]}, {:vix, "~> 0.23", [hex: :vix, repo: "hexpm", optional: false]}], "hexpm", "d83de26e009a59cb8c53d2efecaacd7c9b990897dc3c7095a5b8847e73c8f968"},
  "makeup": {:hex, :makeup, "1.0.5", "d5a830bc42c9800ce07dd97fa94669dfb93d3bf5fcf6ea7a0c67b2e0e4a7f26c", [:mix], [{:nimble_parsec, "~> 0.5 or ~> 1.0", [hex: :nimble_parsec, repo: "hexpm", optional: false]}], "hexpm", "cfa158c02d3f5c0c665d0af11512fed3fba0144cf1aadee0f2ce17747fba2ca9"},
  "makeup_elixir": {:hex, :makeup_elixir, "0.14.1", "4f0e96847c63c17841d42c08107405a005a2680eb9c7ccadfd757bd31dabccfb", [:mix], [{:makeup, "~> 1.0", [hex: :makeup, repo: "hexpm", optional: false]}], "hexpm", "f2438b1a80eaec9ede832b5c41cd4f373b38fd7aa33e3b22d9db79e640cbde11"},
  "mime": {:hex, :mime, "1.5.0", "203ef35ef3389aae6d361918bf3f952fa17a09e8e43b5aa592b93eba05d0fb8d", [:mix], [], "hexpm", "55a94c0f552249fc1a3dd9cd2d3ab9de9d3c89b559c2bd01121f824834f24746"},
  "nimble_parsec": {:hex, :nimble_parsec, "0.6.0", "32111b3bf39137144abd7ba1cce0914533b2d16ef35e8abc5ec8be6122944263", [:mix], [], "hexpm", "27eac315a94909d4dc68bc07a4a83e06c8379237c5ea528a9acff4ca1c873c52"},
  "observer_cli": {:hex, :observer_cli, "1.7.1", "c9ca1f623a3ef0158283a3c37cd7b7235bfe85927ad6e26396dd247e2057f5a1", [:mix, :rebar3], [{:recon, "~>2.5.1", [hex: :recon, repo: "hexpm", optional: false]}], "hexpm", "4ccafaaa2ce01b85ddd14591f4d5f6731b4e13b610a70fb841f0701178478280"},
  "phoenix_html": {:hex, :phoenix_html, "3.3.3", "380b8fb45912b5638d2f1d925a3771b4516b9a78587249cabe394e0a5d579dc9", [:mix], [{:plug, "~> 1.5", [hex: :plug, repo: "hexpm", optional: true]}], "hexpm", "923ebe6fec6e2e3b3e569dfbdc6560de932cd54b000ada0208b5f45024bdd76c"},
  "postgrex": {:hex, :postgrex, "0.15.8", "f5e782bbe5e8fa178d5e3cd1999c857dc48eda95f0a4d7f7bd92a50e84a0d491", [:mix], [{:connection, "~> 1.0", [hex: :connection, repo: "hexpm", optional: false]}, {:db_connection, "~> 2.1", [hex: :db_connection, repo: "hexpm", optional: false]}, {:decimal, "~> 1.5 or ~> 2.0", [hex: :decimal, repo: "hexpm", optional: false]}, {:jason, "~> 1.0", [hex: :jason, repo: "hexpm", optional: true]}], "hexpm", "698fbfacea34c4cf22c8281abeb5cf68d99628d541874f085520ab3b53d356fe"},
  "recon": {:hex, :recon, "2.5.2", "cba53fa8db83ad968c9a652e09c3ed7ddcc4da434f27c3eaa9ca47ffb2b1ff03", [:mix, :rebar3], [], "hexpm", "2c7523c8dee91dff41f6b3d63cba2bd49eb6d2fe5bf1eec0df7f87eb5e230e1c"},
  "sweet_xml": {:hex, :sweet_xml, "0.7.4", "a8b7e1ce7ecd775c7e8a65d501bc2cd933bff3a9c41ab763f5105688ef485d08", [:mix], [], "hexpm", "e7c4b0bdbf460c928234951def54fe87edf1a170f6896675443279e2dbeba167"},
  "telemetry": {:hex, :telemetry, "0.4.2", "2808c992455e08d6177322f14d3bdb6b625fbcfd233a73505870d8738a2f4599", [:rebar3], [], "hexpm", "2d1419bd9dda6a206d7b5852179511722e2b18812310d304620c7bd92a13fcef"},
  "vix": {:hex, :vix, "0.26.0", "027f10b6969b759318be84bd0bd8c88af877445e4e41cf96a0460392cea5399c", [:make, :mix], [{:castore, "~> 1.0 or ~> 0.1", [hex: :castore, repo: "hexpm", optional: false]}, {:cc_precompiler, "~> 0.2 or ~> 0.1.4", [hex: :cc_precompiler, repo: "hexpm", optional: false]}, {:elixir_make, "~> 0.8 or ~> 0.7.3", [hex: :elixir_make, repo: "hexpm", optional: false]}, {:kino, "~> 0.7", [hex: :kino, repo: "hexpm", optional: true]}], "hexpm", "71b0a79ae7f199cacfc8e679b0e4ba25ee47dc02e182c5b9097efb29fbe14efd"},
  "yesql": {:hex, :yesql, "1.0.1", "ab3ee7d49ebc27c4aab96bad512ef8866994cf00cbfbf1207ccb47cea51909d2", [:mix], [{:ecto, "~> 3.4", [hex: :ecto, repo: "hexpm", optional: true]}, {:ecto_sql, "~> 3.4", [hex: :ecto_sql, repo: "hexpm", optional: true]}, {:postgrex, "~> 0.15", [hex: :postgrex, repo: "hexpm", optional: true]}], "hexpm", "02e4b32a2fd0ebedc80add6e7b95b93e4be58670f098d4b69f13e2cab43c1d8a"},
}
